
Microsoft Visual Studio Solution File, Format Version 12.00
# Visual Studio Version 16
VisualStudioVersion = 25.0.1704.2
MinimumVisualStudioVersion = 10.0.40219.1
Project("{FAE04EC0-301F-11D3-BF4B-00C04F79EFBC}") = "Object_Oriented", "Object_Oriented\Object_Oriented.csproj", "{EA7584DD-12C5-41D7-8DCB-DA6E014BE747}"
EndProject
Project("{FAE04EC0-301F-11D3-BF4B-00C04F79EFBC}") = "Inheritance", "Inheritance\Inheritance.csproj", "{C2E60B69-51CD-496B-8C04-CF3458B57997}"
EndProject
Project("{FAE04EC0-301F-11D3-BF4B-00C04F79EFBC}") = "泛化和关联", "泛化和关联\泛化和关联.csproj", "{B0099DB1-F5C0-49CA-B927-6E0CFDA31052}"
EndProject
Project("{FAE04EC0-301F-11D3-BF4B-00C04F79EFBC}") = "Factory", "Factory\Factory.csproj", "{438B1255-C7C3-4558-8420-0FB0DF2E6119}"
EndProject
Project("{FAE04EC0-301F-11D3-BF4B-00C04F79EFBC}") = "Reflection", "Reflection\Reflection.csproj", "{677FE70A-4EFE-4671-9409-883C50424544}"
EndProject
Project("{FAE04EC0-301F-11D3-BF4B-00C04F79EFBC}") = "JsonHelper", "JsonHelper\JsonHelper.csproj", "{1EA4EA71-0585-4FD9-B9A1-BB38209A57C4}"
EndProject
Global
	GlobalSection(SolutionConfigurationPlatforms) = preSolution
		Debug|Any CPU = Debug|Any CPU
		Release|Any CPU = Release|Any CPU
	EndGlobalSection
	GlobalSection(ProjectConfigurationPlatforms) = postSolution
		{EA7584DD-12C5-41D7-8DCB-DA6E014BE747}.Debug|Any CPU.ActiveCfg = Debug|Any CPU
		{EA7584DD-12C5-41D7-8DCB-DA6E014BE747}.Debug|Any CPU.Build.0 = Debug|Any CPU
		{EA7584DD-12C5-41D7-8DCB-DA6E014BE747}.Release|Any CPU.ActiveCfg = Release|Any CPU
		{EA7584DD-12C5-41D7-8DCB-DA6E014BE747}.Release|Any CPU.Build.0 = Release|Any CPU
		{C2E60B69-51CD-496B-8C04-CF3458B57997}.Debug|Any CPU.ActiveCfg = Debug|Any CPU
		{C2E60B69-51CD-496B-8C04-CF3458B57997}.Debug|Any CPU.Build.0 = Debug|Any CPU
		{C2E60B69-51CD-496B-8C04-CF3458B57997}.Release|Any CPU.ActiveCfg = Release|Any CPU
		{C2E60B69-51CD-496B-8C04-CF3458B57997}.Release|Any CPU.Build.0 = Release|Any CPU
		{B0099DB1-F5C0-49CA-B927-6E0CFDA31052}.Debug|Any CPU.ActiveCfg = Debug|Any CPU
		{B0099DB1-F5C0-49CA-B927-6E0CFDA31052}.Debug|Any CPU.Build.0 = Debug|Any CPU
		{B0099DB1-F5C0-49CA-B927-6E0CFDA31052}.Release|Any CPU.ActiveCfg = Release|Any CPU
		{B0099DB1-F5C0-49CA-B927-6E0CFDA31052}.Release|Any CPU.Build.0 = Release|Any CPU
		{438B1255-C7C3-4558-8420-0FB0DF2E6119}.Debug|Any CPU.ActiveCfg = Debug|Any CPU
		{438B1255-C7C3-4558-8420-0FB0DF2E6119}.Debug|Any CPU.Build.0 = Debug|Any CPU
		{438B1255-C7C3-4558-8420-0FB0DF2E6119}.Release|Any CPU.ActiveCfg = Release|Any CPU
		{438B1255-C7C3-4558-8420-0FB0DF2E6119}.Release|Any CPU.Build.0 = Release|Any CPU
		{677FE70A-4EFE-4671-9409-883C50424544}.Debug|Any CPU.ActiveCfg = Debug|Any CPU
		{677FE70A-4EFE-4671-9409-883C50424544}.Debug|Any CPU.Build.0 = Debug|Any CPU
		{677FE70A-4EFE-4671-9409-883C50424544}.Release|Any CPU.ActiveCfg = Release|Any CPU
		{677FE70A-4EFE-4671-9409-883C50424544}.Release|Any CPU.Build.0 = Release|Any CPU
		{1EA4EA71-0585-4FD9-B9A1-BB38209A57C4}.Debug|Any CPU.ActiveCfg = Debug|Any CPU
		{1EA4EA71-0585-4FD9-B9A1-BB38209A57C4}.Debug|Any CPU.Build.0 = Debug|Any CPU
		{1EA4EA71-0585-4FD9-B9A1-BB38209A57C4}.Release|Any CPU.ActiveCfg = Release|Any CPU
		{1EA4EA71-0585-4FD9-B9A1-BB38209A57C4}.Release|Any CPU.Build.0 = Release|Any CPU
	EndGlobalSection
	GlobalSection(SolutionProperties) = preSolution
		HideSolutionNode = FALSE
	EndGlobalSection
	GlobalSection(ExtensibilityGlobals) = postSolution
		SolutionGuid = {002B4C2E-FC0D-49EB-9174-9497162276AA}
	EndGlobalSection
EndGlobal
